{
  "name": "pkm-asm",
  "version": "1.0.0",
  "lockfileVersion": 3,
  "requires": true,
  "packages": {
    "": {
      "name": "pkm-asm",
      "version": "1.0.0",
      "license": "ISC",
      "dependencies": {
        "datatables.net": "^2.3.6",
        "datatables.net-bs5": "^2.3.6",
        "jquery": "^3.7.1",
        "sweetalert2": "^11.26.17",
        "toastr": "^2.1.4"
      }
    },
    "node_modules/datatables.net": {
      "version": "2.3.6",
      "resolved": "https://registry.npmjs.org/datatables.net/-/datatables.net-2.3.6.tgz",
      "integrity": "sha512-xQ/dCxrjfxM0XY70wSIzakkTZ6ghERwlLmAPyCnu8Sk5cyt9YvOVyOsFNOa/BZ/lM63Q3i2YSSvp/o7GXZGsbg==",
      "license": "MIT",
      "dependencies": {
        "jquery": ">=1.7"
      }
    },
    "node_modules/datatables.net-bs5": {
      "version": "2.3.6",
      "resolved": "https://registry.npmjs.org/datatables.net-bs5/-/datatables.net-bs5-2.3.6.tgz",
      "integrity": "sha512-oUNGjZrpNC2fY3l/6V4ijTC9kyVKU4Raons+RFmq2J7590rPn0c+5WAYKBx0evgW/CW7WfhStGBrU7+WJig6Og==",
      "license": "MIT",
      "dependencies": {
        "datatables.net": "2.3.6",
        "jquery": ">=1.7"
      }
    },
    "node_modules/jquery": {
      "version": "3.7.1",
      "resolved": "https://registry.npmjs.org/jquery/-/jquery-3.7.1.tgz",
      "integrity": "sha512-m4avr8yL8kmFN8psrbFFFmB/If14iN5o9nw/NgnnM+kybDJpRsAynV2BsfpTYrTRysYUdADVD7CkUUizgkpLfg==",
      "license": "MIT"
    },
    "node_modules/sweetalert2": {
      "version": "11.26.17",
      "resolved": "https://registry.npmjs.org/sweetalert2/-/sweetalert2-11.26.17.tgz",
      "integrity": "sha512-kkaySn1IRfwNlf9AkZVqDmBINDWw9NRR6Ij0O5dBRBOD1+mbtZJWxxR9/pA90nce9E5tIIkJ7SWij4rMWXtA1g==",
      "license": "MIT",
      "funding": {
        "type": "individual",
        "url": "https://github.com/sponsors/limonte"
      }
    },
    "node_modules/toastr": {
      "version": "2.1.4",
      "resolved": "https://registry.npmjs.org/toastr/-/toastr-2.1.4.tgz",
      "integrity": "sha512-LIy77F5n+sz4tefMmFOntcJ6HL0Fv3k1TDnNmFZ0bU/GcvIIfy6eG2v7zQmMiYgaalAiUv75ttFrPn5s0gyqlA==",
      "dependencies": {
        "jquery": ">=1.12.0"
      }
    }
  }
}
